
Microsoft Visual Studio Solution File, Format Version 12.00
# Visual Studio Version 17
VisualStudioVersion = 17.4.33205.214
MinimumVisualStudioVersion = 10.0.40219.1
Project("{9A19103F-16F7-4668-BE54-9A1E7A4F7556}") = "PersonalCollectionManagementAPI", "PersonalCollectionManagementAPI\PersonalCollectionManagementAPI.csproj", "{65E296C0-EE4E-4D6F-8F56-86FB3743588F}"
EndProject
Project("{FAE04EC0-301F-11D3-BF4B-00C04F79EFBC}") = "PersonalCollectionManagement.Data", "PersonalCollectionManagement.Data\PersonalCollectionManagement.Data.csproj", "{99A36B14-B816-46D0-B324-7A5828E06BB9}"
EndProject
Global
	GlobalSection(SolutionConfigurationPlatforms) = preSolution
		Debug|Any CPU = Debug|Any CPU
		Release|Any CPU = Release|Any CPU
	EndGlobalSection
	GlobalSection(ProjectConfigurationPlatforms) = postSolution
		{65E296C0-EE4E-4D6F-8F56-86FB3743588F}.Debug|Any CPU.ActiveCfg = Debug|Any CPU
		{65E296C0-EE4E-4D6F-8F56-86FB3743588F}.Debug|Any CPU.Build.0 = Debug|Any CPU
		{65E296C0-EE4E-4D6F-8F56-86FB3743588F}.Release|Any CPU.ActiveCfg = Release|Any CPU
		{65E296C0-EE4E-4D6F-8F56-86FB3743588F}.Release|Any CPU.Build.0 = Release|Any CPU
		{99A36B14-B816-46D0-B324-7A5828E06BB9}.Debug|Any CPU.ActiveCfg = Debug|Any CPU
		{99A36B14-B816-46D0-B324-7A5828E06BB9}.Debug|Any CPU.Build.0 = Debug|Any CPU
		{99A36B14-B816-46D0-B324-7A5828E06BB9}.Release|Any CPU.ActiveCfg = Release|Any CPU
		{99A36B14-B816-46D0-B324-7A5828E06BB9}.Release|Any CPU.Build.0 = Release|Any CPU
	EndGlobalSection
	GlobalSection(SolutionProperties) = preSolution
		HideSolutionNode = FALSE
	EndGlobalSection
	GlobalSection(ExtensibilityGlobals) = postSolution
		SolutionGuid = {D1F06D0C-9694-485B-B279-EEAEC47CE829}
	EndGlobalSection
EndGlobal
